
Microsoft Visual Studio Solution File, Format Version 12.00
# Visual Studio Version 16
VisualStudioVersion = 16.0.29326.143
MinimumVisualStudioVersion = 10.0.40219.1
Project("{FAE04EC0-301F-11D3-BF4B-00C04F79EFBC}") = "RazorView", "RazorView\RazorView.csproj", "{77D3726C-9A69-4729-BFF6-3D2876269015}"
EndProject
Global
	GlobalSection(SolutionConfigurationPlatforms) = preSolution
		Debug|Any CPU = Debug|Any CPU
		Release|Any CPU = Release|Any CPU
	EndGlobalSection
	GlobalSection(ProjectConfigurationPlatforms) = postSolution
		{77D3726C-9A69-4729-BFF6-3D2876269015}.Debug|Any CPU.ActiveCfg = Debug|Any CPU
		{77D3726C-9A69-4729-BFF6-3D2876269015}.Debug|Any CPU.Build.0 = Debug|Any CPU
		{77D3726C-9A69-4729-BFF6-3D2876269015}.Release|Any CPU.ActiveCfg = Release|Any CPU
		{77D3726C-9A69-4729-BFF6-3D2876269015}.Release|Any CPU.Build.0 = Release|Any CPU
	EndGlobalSection
	GlobalSection(SolutionProperties) = preSolution
		HideSolutionNode = FALSE
	EndGlobalSection
	GlobalSection(ExtensibilityGlobals) = postSolution
		SolutionGuid = {63519754-1CAE-4108-A0FA-3F9F804F0A25}
	EndGlobalSection
EndGlobal
